
Microsoft Visual Studio Solution File, Format Version 12.00
# Visual Studio Version 17
VisualStudioVersion = 17.11.35219.272
MinimumVisualStudioVersion = 10.0.40219.1
Project("{8BC9CEB8-8B4A-11D0-8D11-00A0C91BC942}") = "atividades", "atividades\atividades.vcxproj", "{72F4F46F-7977-47C1-B67E-B70F65F9FAB4}"
EndProject
Global
	GlobalSection(SolutionConfigurationPlatforms) = preSolution
		Debug|x64 = Debug|x64
		Debug|x86 = Debug|x86
		Release|x64 = Release|x64
		Release|x86 = Release|x86
	EndGlobalSection
	GlobalSection(ProjectConfigurationPlatforms) = postSolution
		{72F4F46F-7977-47C1-B67E-B70F65F9FAB4}.Debug|x64.ActiveCfg = Debug|x64
		{72F4F46F-7977-47C1-B67E-B70F65F9FAB4}.Debug|x64.Build.0 = Debug|x64
		{72F4F46F-7977-47C1-B67E-B70F65F9FAB4}.Debug|x86.ActiveCfg = Debug|Win32
		{72F4F46F-7977-47C1-B67E-B70F65F9FAB4}.Debug|x86.Build.0 = Debug|Win32
		{72F4F46F-7977-47C1-B67E-B70F65F9FAB4}.Release|x64.ActiveCfg = Release|x64
		{72F4F46F-7977-47C1-B67E-B70F65F9FAB4}.Release|x64.Build.0 = Release|x64
		{72F4F46F-7977-47C1-B67E-B70F65F9FAB4}.Release|x86.ActiveCfg = Release|Win32
		{72F4F46F-7977-47C1-B67E-B70F65F9FAB4}.Release|x86.Build.0 = Release|Win32
	EndGlobalSection
	GlobalSection(SolutionProperties) = preSolution
		HideSolutionNode = FALSE
	EndGlobalSection
	GlobalSection(ExtensibilityGlobals) = postSolution
		SolutionGuid = {45C0DADC-B9C6-4CF1-AF6E-C343EB6F7A61}
	EndGlobalSection
EndGlobal
